
Microsoft Visual Studio Solution File, Format Version 12.00
# Visual Studio Version 16
VisualStudioVersion = 16.0.29424.173
MinimumVisualStudioVersion = 10.0.40219.1
Project("{9A19103F-16F7-4668-BE54-9A1E7A4F7556}") = "Hocon", "src\Hocon\Hocon.csproj", "{E945AABA-2779-41E8-9B43-8898FFD64F22}"
EndProject
Project("{9A19103F-16F7-4668-BE54-9A1E7A4F7556}") = "Hocon.Tests", "src\Hocon.Tests\Hocon.Tests.csproj", "{0F9B9BC6-9F86-40E8-BA9B-D27BF3AC7970}"
EndProject
Project("{2150E333-8FDC-42A3-9474-1A3956D46DE8}") = "examples", "examples", "{C3695FA9-B189-4881-864A-8377EE987B74}"
EndProject
Project("{9A19103F-16F7-4668-BE54-9A1E7A4F7556}") = "ExternalIncludes", "src\examples\ExternalIncludes\ExternalIncludes.csproj", "{18BCA30E-A987-4898-9ED5-C6DC91A99040}"
EndProject
Project("{9A19103F-16F7-4668-BE54-9A1E7A4F7556}") = "ObjectMerge", "src\examples\ObjectMerge\ObjectMerge.csproj", "{E58CE2E5-2F41-41ED-ADA8-40EBDF9BBF11}"
EndProject
Project("{9A19103F-16F7-4668-BE54-9A1E7A4F7556}") = "SimpleSubstitutions", "src\examples\SimpleSubstitutions\SimpleSubstitutions.csproj", "{603AC356-4D9D-490C-BE69-685B792D2FD4}"
EndProject
Project("{9A19103F-16F7-4668-BE54-9A1E7A4F7556}") = "Fallback", "src\examples\Fallback\Fallback.csproj", "{1437D06E-EA95-4599-A6D0-80C1EC774A5A}"
EndProject
Project("{9A19103F-16F7-4668-BE54-9A1E7A4F7556}") = "HelloHocon", "src\examples\HelloHocon\HelloHocon.csproj", "{7A497666-0799-4165-88A4-1DB37DB65A8D}"
EndProject
Project("{9A19103F-16F7-4668-BE54-9A1E7A4F7556}") = "Hocon.Benchmarks", "src\Hocon.Benchmarks\Hocon.Benchmarks.csproj", "{808F970B-6B54-4A02-855C-DB2C166546B4}"
EndProject
Project("{9A19103F-16F7-4668-BE54-9A1E7A4F7556}") = "Hocon.Configuration", "src\Hocon.Configuration\Hocon.Configuration.csproj", "{E01F92A5-F6A0-422C-885C-ABD64FE57840}"
EndProject
Project("{9A19103F-16F7-4668-BE54-9A1E7A4F7556}") = "Hocon.Configuration.Tests", "src\Hocon.Configuration.Test\Hocon.Configuration.Tests.csproj", "{9CAF3978-7827-4FD0-8D23-2AADDE648CBC}"
EndProject
Project("{9A19103F-16F7-4668-BE54-9A1E7A4F7556}") = "Hocon.Extensions.Configuration", "src\Hocon.Extensions.Configuration\Hocon.Extensions.Configuration.csproj", "{2E3E3522-45BA-4FF1-AA68-7A685E62956E}"
EndProject
Project("{9A19103F-16F7-4668-BE54-9A1E7A4F7556}") = "Hocon.Extensions.Configuration.Tests", "src\Hocon.Extensions.Configuration.Tests\Hocon.Extensions.Configuration.Tests.csproj", "{F7862234-3330-43DE-86BB-D6E67F2146BC}"
EndProject
Project("{9A19103F-16F7-4668-BE54-9A1E7A4F7556}") = "Hocon.Immutable", "src\Hocon.Immutable\Hocon.Immutable.csproj", "{FB439177-CA10-4BA8-993D-A51D1BEE2A0E}"
EndProject
Project("{9A19103F-16F7-4668-BE54-9A1E7A4F7556}") = "Hocon.Immutable.Tests", "src\Hocon.Immutable.Tests\Hocon.Immutable.Tests.csproj", "{FEEC6F6B-2511-4BEC-9568-4E6AE6C1D275}"
EndProject
Project("{9A19103F-16F7-4668-BE54-9A1E7A4F7556}") = "SerializationDebug", "src\examples\SerializationDebug\SerializationDebug.csproj", "{6D1D4813-7AB6-4268-A9DF-627A60E08FB1}"
EndProject
Project("{9A19103F-16F7-4668-BE54-9A1E7A4F7556}") = "Hocon.API.Tests", "src\Hocon.API.Tests\Hocon.API.Tests.csproj", "{2EC48C29-E5A7-4C3F-AB26-1C121E098867}"
EndProject
Project("{9A19103F-16F7-4668-BE54-9A1E7A4F7556}") = "Hocon.Tests.Performance", "src\Hocon.Tests.Performance\Hocon.Tests.Performance.csproj", "{BD958665-7CE8-4DEF-89EA-8933393016D8}"
EndProject
Project("{9A19103F-16F7-4668-BE54-9A1E7A4F7556}") = "AspNetWebApp", "src\examples\AspNetWebApp\AspNetWebApp.csproj", "{181D6251-3B11-4F2D-92E5-631C99D9F791}"
EndProject
Global
	GlobalSection(SolutionConfigurationPlatforms) = preSolution
		Debug|Any CPU = Debug|Any CPU
		Release|Any CPU = Release|Any CPU
	EndGlobalSection
	GlobalSection(ProjectConfigurationPlatforms) = postSolution
		{E945AABA-2779-41E8-9B43-8898FFD64F22}.Debug|Any CPU.ActiveCfg = Debug|Any CPU
		{E945AABA-2779-41E8-9B43-8898FFD64F22}.Debug|Any CPU.Build.0 = Debug|Any CPU
		{E945AABA-2779-41E8-9B43-8898FFD64F22}.Release|Any CPU.ActiveCfg = Release|Any CPU
		{E945AABA-2779-41E8-9B43-8898FFD64F22}.Release|Any CPU.Build.0 = Release|Any CPU
		{0F9B9BC6-9F86-40E8-BA9B-D27BF3AC7970}.Debug|Any CPU.ActiveCfg = Debug|Any CPU
		{0F9B9BC6-9F86-40E8-BA9B-D27BF3AC7970}.Debug|Any CPU.Build.0 = Debug|Any CPU
		{0F9B9BC6-9F86-40E8-BA9B-D27BF3AC7970}.Release|Any CPU.ActiveCfg = Release|Any CPU
		{0F9B9BC6-9F86-40E8-BA9B-D27BF3AC7970}.Release|Any CPU.Build.0 = Release|Any CPU
		{18BCA30E-A987-4898-9ED5-C6DC91A99040}.Debug|Any CPU.ActiveCfg = Debug|Any CPU
		{18BCA30E-A987-4898-9ED5-C6DC91A99040}.Debug|Any CPU.Build.0 = Debug|Any CPU
		{18BCA30E-A987-4898-9ED5-C6DC91A99040}.Release|Any CPU.ActiveCfg = Release|Any CPU
		{18BCA30E-A987-4898-9ED5-C6DC91A99040}.Release|Any CPU.Build.0 = Release|Any CPU
		{E58CE2E5-2F41-41ED-ADA8-40EBDF9BBF11}.Debug|Any CPU.ActiveCfg = Debug|Any CPU
		{E58CE2E5-2F41-41ED-ADA8-40EBDF9BBF11}.Debug|Any CPU.Build.0 = Debug|Any CPU
		{E58CE2E5-2F41-41ED-ADA8-40EBDF9BBF11}.Release|Any CPU.ActiveCfg = Release|Any CPU
		{E58CE2E5-2F41-41ED-ADA8-40EBDF9BBF11}.Release|Any CPU.Build.0 = Release|Any CPU
		{603AC356-4D9D-490C-BE69-685B792D2FD4}.Debug|Any CPU.ActiveCfg = Debug|Any CPU
		{603AC356-4D9D-490C-BE69-685B792D2FD4}.Debug|Any CPU.Build.0 = Debug|Any CPU
		{603AC356-4D9D-490C-BE69-685B792D2FD4}.Release|Any CPU.ActiveCfg = Release|Any CPU
		{603AC356-4D9D-490C-BE69-685B792D2FD4}.Release|Any CPU.Build.0 = Release|Any CPU
		{1437D06E-EA95-4599-A6D0-80C1EC774A5A}.Debug|Any CPU.ActiveCfg = Debug|Any CPU
		{1437D06E-EA95-4599-A6D0-80C1EC774A5A}.Debug|Any CPU.Build.0 = Debug|Any CPU
		{1437D06E-EA95-4599-A6D0-80C1EC774A5A}.Release|Any CPU.ActiveCfg = Release|Any CPU
		{1437D06E-EA95-4599-A6D0-80C1EC774A5A}.Release|Any CPU.Build.0 = Release|Any CPU
		{7A497666-0799-4165-88A4-1DB37DB65A8D}.Debug|Any CPU.ActiveCfg = Debug|Any CPU
		{7A497666-0799-4165-88A4-1DB37DB65A8D}.Debug|Any CPU.Build.0 = Debug|Any CPU
		{7A497666-0799-4165-88A4-1DB37DB65A8D}.Release|Any CPU.ActiveCfg = Release|Any CPU
		{7A497666-0799-4165-88A4-1DB37DB65A8D}.Release|Any CPU.Build.0 = Release|Any CPU
		{808F970B-6B54-4A02-855C-DB2C166546B4}.Debug|Any CPU.ActiveCfg = Debug|Any CPU
		{808F970B-6B54-4A02-855C-DB2C166546B4}.Debug|Any CPU.Build.0 = Debug|Any CPU
		{808F970B-6B54-4A02-855C-DB2C166546B4}.Release|Any CPU.ActiveCfg = Release|Any CPU
		{808F970B-6B54-4A02-855C-DB2C166546B4}.Release|Any CPU.Build.0 = Release|Any CPU
		{E01F92A5-F6A0-422C-885C-ABD64FE57840}.Debug|Any CPU.ActiveCfg = Debug|Any CPU
		{E01F92A5-F6A0-422C-885C-ABD64FE57840}.Debug|Any CPU.Build.0 = Debug|Any CPU
		{E01F92A5-F6A0-422C-885C-ABD64FE57840}.Release|Any CPU.ActiveCfg = Release|Any CPU
		{E01F92A5-F6A0-422C-885C-ABD64FE57840}.Release|Any CPU.Build.0 = Release|Any CPU
		{9CAF3978-7827-4FD0-8D23-2AADDE648CBC}.Debug|Any CPU.ActiveCfg = Debug|Any CPU
		{9CAF3978-7827-4FD0-8D23-2AADDE648CBC}.Debug|Any CPU.Build.0 = Debug|Any CPU
		{9CAF3978-7827-4FD0-8D23-2AADDE648CBC}.Release|Any CPU.ActiveCfg = Release|Any CPU
		{9CAF3978-7827-4FD0-8D23-2AADDE648CBC}.Release|Any CPU.Build.0 = Release|Any CPU
		{2E3E3522-45BA-4FF1-AA68-7A685E62956E}.Debug|Any CPU.ActiveCfg = Debug|Any CPU
		{2E3E3522-45BA-4FF1-AA68-7A685E62956E}.Debug|Any CPU.Build.0 = Debug|Any CPU
		{2E3E3522-45BA-4FF1-AA68-7A685E62956E}.Release|Any CPU.ActiveCfg = Release|Any CPU
		{2E3E3522-45BA-4FF1-AA68-7A685E62956E}.Release|Any CPU.Build.0 = Release|Any CPU
		{F7862234-3330-43DE-86BB-D6E67F2146BC}.Debug|Any CPU.ActiveCfg = Debug|Any CPU
		{F7862234-3330-43DE-86BB-D6E67F2146BC}.Debug|Any CPU.Build.0 = Debug|Any CPU
		{F7862234-3330-43DE-86BB-D6E67F2146BC}.Release|Any CPU.ActiveCfg = Release|Any CPU
		{F7862234-3330-43DE-86BB-D6E67F2146BC}.Release|Any CPU.Build.0 = Release|Any CPU
		{FB439177-CA10-4BA8-993D-A51D1BEE2A0E}.Debug|Any CPU.ActiveCfg = Debug|Any CPU
		{FB439177-CA10-4BA8-993D-A51D1BEE2A0E}.Debug|Any CPU.Build.0 = Debug|Any CPU
		{FB439177-CA10-4BA8-993D-A51D1BEE2A0E}.Release|Any CPU.ActiveCfg = Release|Any CPU
		{FB439177-CA10-4BA8-993D-A51D1BEE2A0E}.Release|Any CPU.Build.0 = Release|Any CPU
		{FEEC6F6B-2511-4BEC-9568-4E6AE6C1D275}.Debug|Any CPU.ActiveCfg = Debug|Any CPU
		{FEEC6F6B-2511-4BEC-9568-4E6AE6C1D275}.Debug|Any CPU.Build.0 = Debug|Any CPU
		{FEEC6F6B-2511-4BEC-9568-4E6AE6C1D275}.Release|Any CPU.ActiveCfg = Release|Any CPU
		{FEEC6F6B-2511-4BEC-9568-4E6AE6C1D275}.Release|Any CPU.Build.0 = Release|Any CPU
		{6D1D4813-7AB6-4268-A9DF-627A60E08FB1}.Debug|Any CPU.ActiveCfg = Debug|Any CPU
		{6D1D4813-7AB6-4268-A9DF-627A60E08FB1}.Debug|Any CPU.Build.0 = Debug|Any CPU
		{6D1D4813-7AB6-4268-A9DF-627A60E08FB1}.Release|Any CPU.ActiveCfg = Release|Any CPU
		{6D1D4813-7AB6-4268-A9DF-627A60E08FB1}.Release|Any CPU.Build.0 = Release|Any CPU
		{2EC48C29-E5A7-4C3F-AB26-1C121E098867}.Debug|Any CPU.ActiveCfg = Debug|Any CPU
		{2EC48C29-E5A7-4C3F-AB26-1C121E098867}.Debug|Any CPU.Build.0 = Debug|Any CPU
		{2EC48C29-E5A7-4C3F-AB26-1C121E098867}.Release|Any CPU.ActiveCfg = Release|Any CPU
		{2EC48C29-E5A7-4C3F-AB26-1C121E098867}.Release|Any CPU.Build.0 = Release|Any CPU
		{BD958665-7CE8-4DEF-89EA-8933393016D8}.Debug|Any CPU.ActiveCfg = Debug|Any CPU
		{BD958665-7CE8-4DEF-89EA-8933393016D8}.Debug|Any CPU.Build.0 = Debug|Any CPU
		{BD958665-7CE8-4DEF-89EA-8933393016D8}.Release|Any CPU.ActiveCfg = Release|Any CPU
		{BD958665-7CE8-4DEF-89EA-8933393016D8}.Release|Any CPU.Build.0 = Release|Any CPU
		{181D6251-3B11-4F2D-92E5-631C99D9F791}.Debug|Any CPU.ActiveCfg = Debug|Any CPU
		{181D6251-3B11-4F2D-92E5-631C99D9F791}.Debug|Any CPU.Build.0 = Debug|Any CPU
		{181D6251-3B11-4F2D-92E5-631C99D9F791}.Release|Any CPU.ActiveCfg = Release|Any CPU
		{181D6251-3B11-4F2D-92E5-631C99D9F791}.Release|Any CPU.Build.0 = Release|Any CPU
	EndGlobalSection
	GlobalSection(SolutionProperties) = preSolution
		HideSolutionNode = FALSE
	EndGlobalSection
	GlobalSection(NestedProjects) = preSolution
		{18BCA30E-A987-4898-9ED5-C6DC91A99040} = {C3695FA9-B189-4881-864A-8377EE987B74}
		{E58CE2E5-2F41-41ED-ADA8-40EBDF9BBF11} = {C3695FA9-B189-4881-864A-8377EE987B74}
		{603AC356-4D9D-490C-BE69-685B792D2FD4} = {C3695FA9-B189-4881-864A-8377EE987B74}
		{1437D06E-EA95-4599-A6D0-80C1EC774A5A} = {C3695FA9-B189-4881-864A-8377EE987B74}
		{7A497666-0799-4165-88A4-1DB37DB65A8D} = {C3695FA9-B189-4881-864A-8377EE987B74}
		{181D6251-3B11-4F2D-92E5-631C99D9F791} = {C3695FA9-B189-4881-864A-8377EE987B74}
	EndGlobalSection
	GlobalSection(ExtensibilityGlobals) = postSolution
		SolutionGuid = {557DB117-9178-4935-B327-3017C53186FE}
	EndGlobalSection
EndGlobal
