
Microsoft Visual Studio Solution File, Format Version 12.00
# Visual Studio 2013
VisualStudioVersion = 12.0.40629.0
MinimumVisualStudioVersion = 10.0.40219.1
Project("{FAE04EC0-301F-11D3-BF4B-00C04F79EFBC}") = "Akka.Hocon", "core\Hocon\Akka.Hocon.csproj", "{4A87AD05-BEF2-4B08-BD7E-A9866D88C439}"
EndProject
Project("{FAE04EC0-301F-11D3-BF4B-00C04F79EFBC}") = "Hocon.Tests", "core\Hocon.Tests\Hocon.Tests.csproj", "{4FFD147E-6F27-45AA-B2ED-AD2DA599C532}"
EndProject
Project("{2150E333-8FDC-42A3-9474-1A3956D46DE8}") = "Core", "Core", "{54BBEF30-0912-4363-9589-9E628EC657F6}"
EndProject
Project("{2150E333-8FDC-42A3-9474-1A3956D46DE8}") = "Examples", "Examples", "{633E4227-A565-43B6-BEA8-0F027813FE33}"
EndProject
Project("{FAE04EC0-301F-11D3-BF4B-00C04F79EFBC}") = "HelloHocon", "examples\HelloHocon\HelloHocon.csproj", "{C3CD2FC8-7381-45A6-9F6E-486A0DADA022}"
EndProject
Project("{FAE04EC0-301F-11D3-BF4B-00C04F79EFBC}") = "Fallback", "examples\Fallback\Fallback.csproj", "{E43F038F-4715-4BD8-9CEF-74F4CF469428}"
EndProject
Project("{FAE04EC0-301F-11D3-BF4B-00C04F79EFBC}") = "ObjectMerge", "examples\ObjectMerge\ObjectMerge.csproj", "{0228F9B6-394C-4D6E-A234-EF82C034FBFF}"
EndProject
Project("{FAE04EC0-301F-11D3-BF4B-00C04F79EFBC}") = "SimpleSubstitutions", "examples\SimpleSubstitutions\SimpleSubstitutions.csproj", "{06845F4C-E608-4755-B6ED-5A6C775E4DD5}"
EndProject
Project("{FAE04EC0-301F-11D3-BF4B-00C04F79EFBC}") = "ExternalIncludes", "examples\ExternalIncludes\ExternalIncludes.csproj", "{8ABBD17A-692F-4F21-8945-A4919A86925B}"
EndProject
Project("{FAE04EC0-301F-11D3-BF4B-00C04F79EFBC}") = "ConfigurationFile", "examples\ConfigurationFile\ConfigurationFile.csproj", "{F58ADF0D-8212-498E-AB39-5967C7445D00}"
EndProject
Project("{FAE04EC0-301F-11D3-BF4B-00C04F79EFBC}") = "WebConfigTransforms", "examples\WebConfigTransforms\WebConfigTransforms.csproj", "{233808AA-8870-4A57-B8FA-6EBE10008C37}"
EndProject
Global
	GlobalSection(SolutionConfigurationPlatforms) = preSolution
		Debug|Any CPU = Debug|Any CPU
		Release|Any CPU = Release|Any CPU
	EndGlobalSection
	GlobalSection(ProjectConfigurationPlatforms) = postSolution
		{4A87AD05-BEF2-4B08-BD7E-A9866D88C439}.Debug|Any CPU.ActiveCfg = Debug|Any CPU
		{4A87AD05-BEF2-4B08-BD7E-A9866D88C439}.Debug|Any CPU.Build.0 = Debug|Any CPU
		{4A87AD05-BEF2-4B08-BD7E-A9866D88C439}.Release|Any CPU.ActiveCfg = Release|Any CPU
		{4A87AD05-BEF2-4B08-BD7E-A9866D88C439}.Release|Any CPU.Build.0 = Release|Any CPU
		{4FFD147E-6F27-45AA-B2ED-AD2DA599C532}.Debug|Any CPU.ActiveCfg = Debug|Any CPU
		{4FFD147E-6F27-45AA-B2ED-AD2DA599C532}.Debug|Any CPU.Build.0 = Debug|Any CPU
		{4FFD147E-6F27-45AA-B2ED-AD2DA599C532}.Release|Any CPU.ActiveCfg = Release|Any CPU
		{4FFD147E-6F27-45AA-B2ED-AD2DA599C532}.Release|Any CPU.Build.0 = Release|Any CPU
		{C3CD2FC8-7381-45A6-9F6E-486A0DADA022}.Debug|Any CPU.ActiveCfg = Debug|Any CPU
		{C3CD2FC8-7381-45A6-9F6E-486A0DADA022}.Debug|Any CPU.Build.0 = Debug|Any CPU
		{C3CD2FC8-7381-45A6-9F6E-486A0DADA022}.Release|Any CPU.ActiveCfg = Release|Any CPU
		{C3CD2FC8-7381-45A6-9F6E-486A0DADA022}.Release|Any CPU.Build.0 = Release|Any CPU
		{E43F038F-4715-4BD8-9CEF-74F4CF469428}.Debug|Any CPU.ActiveCfg = Debug|Any CPU
		{E43F038F-4715-4BD8-9CEF-74F4CF469428}.Debug|Any CPU.Build.0 = Debug|Any CPU
		{E43F038F-4715-4BD8-9CEF-74F4CF469428}.Release|Any CPU.ActiveCfg = Release|Any CPU
		{E43F038F-4715-4BD8-9CEF-74F4CF469428}.Release|Any CPU.Build.0 = Release|Any CPU
		{0228F9B6-394C-4D6E-A234-EF82C034FBFF}.Debug|Any CPU.ActiveCfg = Debug|Any CPU
		{0228F9B6-394C-4D6E-A234-EF82C034FBFF}.Debug|Any CPU.Build.0 = Debug|Any CPU
		{0228F9B6-394C-4D6E-A234-EF82C034FBFF}.Release|Any CPU.ActiveCfg = Release|Any CPU
		{0228F9B6-394C-4D6E-A234-EF82C034FBFF}.Release|Any CPU.Build.0 = Release|Any CPU
		{06845F4C-E608-4755-B6ED-5A6C775E4DD5}.Debug|Any CPU.ActiveCfg = Debug|Any CPU
		{06845F4C-E608-4755-B6ED-5A6C775E4DD5}.Debug|Any CPU.Build.0 = Debug|Any CPU
		{06845F4C-E608-4755-B6ED-5A6C775E4DD5}.Release|Any CPU.ActiveCfg = Release|Any CPU
		{06845F4C-E608-4755-B6ED-5A6C775E4DD5}.Release|Any CPU.Build.0 = Release|Any CPU
		{8ABBD17A-692F-4F21-8945-A4919A86925B}.Debug|Any CPU.ActiveCfg = Debug|Any CPU
		{8ABBD17A-692F-4F21-8945-A4919A86925B}.Debug|Any CPU.Build.0 = Debug|Any CPU
		{8ABBD17A-692F-4F21-8945-A4919A86925B}.Release|Any CPU.ActiveCfg = Release|Any CPU
		{8ABBD17A-692F-4F21-8945-A4919A86925B}.Release|Any CPU.Build.0 = Release|Any CPU
		{F58ADF0D-8212-498E-AB39-5967C7445D00}.Debug|Any CPU.ActiveCfg = Debug|Any CPU
		{F58ADF0D-8212-498E-AB39-5967C7445D00}.Debug|Any CPU.Build.0 = Debug|Any CPU
		{F58ADF0D-8212-498E-AB39-5967C7445D00}.Release|Any CPU.ActiveCfg = Release|Any CPU
		{F58ADF0D-8212-498E-AB39-5967C7445D00}.Release|Any CPU.Build.0 = Release|Any CPU
		{233808AA-8870-4A57-B8FA-6EBE10008C37}.Debug|Any CPU.ActiveCfg = Debug|Any CPU
		{233808AA-8870-4A57-B8FA-6EBE10008C37}.Debug|Any CPU.Build.0 = Debug|Any CPU
		{233808AA-8870-4A57-B8FA-6EBE10008C37}.Release|Any CPU.ActiveCfg = Release|Any CPU
		{233808AA-8870-4A57-B8FA-6EBE10008C37}.Release|Any CPU.Build.0 = Release|Any CPU
	EndGlobalSection
	GlobalSection(SolutionProperties) = preSolution
		HideSolutionNode = FALSE
	EndGlobalSection
	GlobalSection(NestedProjects) = preSolution
		{4A87AD05-BEF2-4B08-BD7E-A9866D88C439} = {54BBEF30-0912-4363-9589-9E628EC657F6}
		{4FFD147E-6F27-45AA-B2ED-AD2DA599C532} = {54BBEF30-0912-4363-9589-9E628EC657F6}
		{C3CD2FC8-7381-45A6-9F6E-486A0DADA022} = {633E4227-A565-43B6-BEA8-0F027813FE33}
		{E43F038F-4715-4BD8-9CEF-74F4CF469428} = {633E4227-A565-43B6-BEA8-0F027813FE33}
		{0228F9B6-394C-4D6E-A234-EF82C034FBFF} = {633E4227-A565-43B6-BEA8-0F027813FE33}
		{06845F4C-E608-4755-B6ED-5A6C775E4DD5} = {633E4227-A565-43B6-BEA8-0F027813FE33}
		{8ABBD17A-692F-4F21-8945-A4919A86925B} = {633E4227-A565-43B6-BEA8-0F027813FE33}
		{F58ADF0D-8212-498E-AB39-5967C7445D00} = {633E4227-A565-43B6-BEA8-0F027813FE33}
		{233808AA-8870-4A57-B8FA-6EBE10008C37} = {633E4227-A565-43B6-BEA8-0F027813FE33}
	EndGlobalSection
EndGlobal
