
Microsoft Visual Studio Solution File, Format Version 12.00
# Visual Studio 14
VisualStudioVersion = 14.0.23107.0
MinimumVisualStudioVersion = 10.0.40219.1
Project("{2150E333-8FDC-42A3-9474-1A3956D46DE8}") = "Core", "Core", "{54BBEF30-0912-4363-9589-9E628EC657F6}"
EndProject
Project("{2150E333-8FDC-42A3-9474-1A3956D46DE8}") = "Examples", "Examples", "{633E4227-A565-43B6-BEA8-0F027813FE33}"
EndProject
Project("{8BB2217D-0F2D-49D1-97BC-3654ED321F3B}") = "Akka.Hocon", "core\Hocon\Akka.Hocon.xproj", "{81765631-AAD7-4BD2-8D93-2EAA3AC04CB3}"
EndProject
Project("{8BB2217D-0F2D-49D1-97BC-3654ED321F3B}") = "Hocon.Tests", "core\Hocon.Tests\Hocon.Tests.xproj", "{11139052-7D72-4D63-9ACE-58D7EACEDC3A}"
EndProject
Project("{8BB2217D-0F2D-49D1-97BC-3654ED321F3B}") = "ExternalIncludes", "examples\ExternalIncludes\ExternalIncludes.xproj", "{CC8179C1-DE0D-402B-B40B-A688EC5533D9}"
EndProject
Project("{2150E333-8FDC-42A3-9474-1A3956D46DE8}") = "Solution Items", "Solution Items", "{80E46973-00AA-4AC2-A0AA-D3ECC438A827}"
	ProjectSection(SolutionItems) = preProject
		global.json = global.json
	EndProjectSection
EndProject
Project("{8BB2217D-0F2D-49D1-97BC-3654ED321F3B}") = "Fallback", "examples\Fallback\Fallback.xproj", "{F8047F6C-BB4E-4B40-B609-817FE7E5EB86}"
EndProject
Project("{8BB2217D-0F2D-49D1-97BC-3654ED321F3B}") = "HelloHocon", "examples\HelloHocon\HelloHocon.xproj", "{4C8822F7-1D46-4B70-9D51-F82633D4BF6A}"
EndProject
Project("{8BB2217D-0F2D-49D1-97BC-3654ED321F3B}") = "ObjectMerge", "examples\ObjectMerge\ObjectMerge.xproj", "{5964BCF3-3BE3-4E89-A401-79E10ACC40A1}"
EndProject
Project("{8BB2217D-0F2D-49D1-97BC-3654ED321F3B}") = "SimpleSubstitutions", "examples\SimpleSubstitutions\SimpleSubstitutions.xproj", "{533E8A6C-79AE-4BC6-B310-96B6E3CB3ED2}"
EndProject
Project("{8BB2217D-0F2D-49D1-97BC-3654ED321F3B}") = "HelloMFHocon", "examples\HelloMFHocon\HelloMFHocon.xproj", "{0638AC8A-010F-4AB1-9749-8FB423950A7B}"
EndProject
Global
	GlobalSection(SolutionConfigurationPlatforms) = preSolution
		Debug|Any CPU = Debug|Any CPU
		Release|Any CPU = Release|Any CPU
	EndGlobalSection
	GlobalSection(ProjectConfigurationPlatforms) = postSolution
		{81765631-AAD7-4BD2-8D93-2EAA3AC04CB3}.Debug|Any CPU.ActiveCfg = Debug|Any CPU
		{81765631-AAD7-4BD2-8D93-2EAA3AC04CB3}.Debug|Any CPU.Build.0 = Debug|Any CPU
		{81765631-AAD7-4BD2-8D93-2EAA3AC04CB3}.Release|Any CPU.ActiveCfg = Release|Any CPU
		{81765631-AAD7-4BD2-8D93-2EAA3AC04CB3}.Release|Any CPU.Build.0 = Release|Any CPU
		{11139052-7D72-4D63-9ACE-58D7EACEDC3A}.Debug|Any CPU.ActiveCfg = Debug|Any CPU
		{11139052-7D72-4D63-9ACE-58D7EACEDC3A}.Debug|Any CPU.Build.0 = Debug|Any CPU
		{11139052-7D72-4D63-9ACE-58D7EACEDC3A}.Release|Any CPU.ActiveCfg = Release|Any CPU
		{11139052-7D72-4D63-9ACE-58D7EACEDC3A}.Release|Any CPU.Build.0 = Release|Any CPU
		{CC8179C1-DE0D-402B-B40B-A688EC5533D9}.Debug|Any CPU.ActiveCfg = Debug|Any CPU
		{CC8179C1-DE0D-402B-B40B-A688EC5533D9}.Debug|Any CPU.Build.0 = Debug|Any CPU
		{CC8179C1-DE0D-402B-B40B-A688EC5533D9}.Release|Any CPU.ActiveCfg = Release|Any CPU
		{CC8179C1-DE0D-402B-B40B-A688EC5533D9}.Release|Any CPU.Build.0 = Release|Any CPU
		{F8047F6C-BB4E-4B40-B609-817FE7E5EB86}.Debug|Any CPU.ActiveCfg = Debug|Any CPU
		{F8047F6C-BB4E-4B40-B609-817FE7E5EB86}.Debug|Any CPU.Build.0 = Debug|Any CPU
		{F8047F6C-BB4E-4B40-B609-817FE7E5EB86}.Release|Any CPU.ActiveCfg = Release|Any CPU
		{F8047F6C-BB4E-4B40-B609-817FE7E5EB86}.Release|Any CPU.Build.0 = Release|Any CPU
		{4C8822F7-1D46-4B70-9D51-F82633D4BF6A}.Debug|Any CPU.ActiveCfg = Debug|Any CPU
		{4C8822F7-1D46-4B70-9D51-F82633D4BF6A}.Debug|Any CPU.Build.0 = Debug|Any CPU
		{4C8822F7-1D46-4B70-9D51-F82633D4BF6A}.Release|Any CPU.ActiveCfg = Release|Any CPU
		{4C8822F7-1D46-4B70-9D51-F82633D4BF6A}.Release|Any CPU.Build.0 = Release|Any CPU
		{5964BCF3-3BE3-4E89-A401-79E10ACC40A1}.Debug|Any CPU.ActiveCfg = Debug|Any CPU
		{5964BCF3-3BE3-4E89-A401-79E10ACC40A1}.Debug|Any CPU.Build.0 = Debug|Any CPU
		{5964BCF3-3BE3-4E89-A401-79E10ACC40A1}.Release|Any CPU.ActiveCfg = Release|Any CPU
		{5964BCF3-3BE3-4E89-A401-79E10ACC40A1}.Release|Any CPU.Build.0 = Release|Any CPU
		{533E8A6C-79AE-4BC6-B310-96B6E3CB3ED2}.Debug|Any CPU.ActiveCfg = Debug|Any CPU
		{533E8A6C-79AE-4BC6-B310-96B6E3CB3ED2}.Debug|Any CPU.Build.0 = Debug|Any CPU
		{533E8A6C-79AE-4BC6-B310-96B6E3CB3ED2}.Release|Any CPU.ActiveCfg = Release|Any CPU
		{533E8A6C-79AE-4BC6-B310-96B6E3CB3ED2}.Release|Any CPU.Build.0 = Release|Any CPU
		{0638AC8A-010F-4AB1-9749-8FB423950A7B}.Debug|Any CPU.ActiveCfg = Debug|Any CPU
		{0638AC8A-010F-4AB1-9749-8FB423950A7B}.Debug|Any CPU.Build.0 = Debug|Any CPU
		{0638AC8A-010F-4AB1-9749-8FB423950A7B}.Release|Any CPU.ActiveCfg = Release|Any CPU
		{0638AC8A-010F-4AB1-9749-8FB423950A7B}.Release|Any CPU.Build.0 = Release|Any CPU
	EndGlobalSection
	GlobalSection(SolutionProperties) = preSolution
		HideSolutionNode = FALSE
	EndGlobalSection
	GlobalSection(NestedProjects) = preSolution
		{81765631-AAD7-4BD2-8D93-2EAA3AC04CB3} = {54BBEF30-0912-4363-9589-9E628EC657F6}
		{11139052-7D72-4D63-9ACE-58D7EACEDC3A} = {54BBEF30-0912-4363-9589-9E628EC657F6}
		{CC8179C1-DE0D-402B-B40B-A688EC5533D9} = {633E4227-A565-43B6-BEA8-0F027813FE33}
		{F8047F6C-BB4E-4B40-B609-817FE7E5EB86} = {633E4227-A565-43B6-BEA8-0F027813FE33}
		{4C8822F7-1D46-4B70-9D51-F82633D4BF6A} = {633E4227-A565-43B6-BEA8-0F027813FE33}
		{5964BCF3-3BE3-4E89-A401-79E10ACC40A1} = {633E4227-A565-43B6-BEA8-0F027813FE33}
		{533E8A6C-79AE-4BC6-B310-96B6E3CB3ED2} = {633E4227-A565-43B6-BEA8-0F027813FE33}
		{0638AC8A-010F-4AB1-9749-8FB423950A7B} = {633E4227-A565-43B6-BEA8-0F027813FE33}
	EndGlobalSection
EndGlobal
